
Microsoft Visual Studio Solution File, Format Version 12.00
# Visual Studio Version 17
VisualStudioVersion = 17.14.36811.4 d17.14
MinimumVisualStudioVersion = 10.0.40219.1
Project("{FAE04EC0-301F-11D3-BF4B-00C04F79EFBC}") = "kutup", "kutup\kutup.csproj", "{384A74A0-8932-4A8C-B870-235F59D00CF7}"
EndProject
Global
	GlobalSection(SolutionConfigurationPlatforms) = preSolution
		Debug|Any CPU = Debug|Any CPU
		Release|Any CPU = Release|Any CPU
	EndGlobalSection
	GlobalSection(ProjectConfigurationPlatforms) = postSolution
		{384A74A0-8932-4A8C-B870-235F59D00CF7}.Debug|Any CPU.ActiveCfg = Debug|Any CPU
		{384A74A0-8932-4A8C-B870-235F59D00CF7}.Debug|Any CPU.Build.0 = Debug|Any CPU
		{384A74A0-8932-4A8C-B870-235F59D00CF7}.Release|Any CPU.ActiveCfg = Release|Any CPU
		{384A74A0-8932-4A8C-B870-235F59D00CF7}.Release|Any CPU.Build.0 = Release|Any CPU
	EndGlobalSection
	GlobalSection(SolutionProperties) = preSolution
		HideSolutionNode = FALSE
	EndGlobalSection
	GlobalSection(ExtensibilityGlobals) = postSolution
		SolutionGuid = {8CAAE9F0-14E4-4F83-A929-96DD22A7181F}
	EndGlobalSection
EndGlobal
